// !$*UTF8*$!
{
	archiveVersion = 1;
	classes = {
	};
	objectVersion = 55;
	objects = {

/* Begin PBXBuildFile section */
		FEA468892837411100D6AF8D /* AppDelegate.swift in Sources */ = {isa = PBXBuildFile; fileRef = FEA468882837411100D6AF8D /* AppDelegate.swift */; };
		FEA4688B2837411100D6AF8D /* SceneDelegate.swift in Sources */ = {isa = PBXBuildFile; fileRef = FEA4688A2837411100D6AF8D /* SceneDelegate.swift */; };
		FEA4688D2837411100D6AF8D /* ViewController.swift in Sources */ = {isa = PBXBuildFile; fileRef = FEA4688C2837411100D6AF8D /* ViewController.swift */; };
		FEA468902837411100D6AF8D /* Main.storyboard in Resources */ = {isa = PBXBuildFile; fileRef = FEA4688E2837411100D6AF8D /* Main.storyboard */; };
		FEA468922837411700D6AF8D /* Assets.xcassets in Resources */ = {isa = PBXBuildFile; fileRef = FEA468912837411700D6AF8D /* Assets.xcassets */; };
		FEA468952837411700D6AF8D /* LaunchScreen.storyboard in Resources */ = {isa = PBXBuildFile; fileRef = FEA468932837411700D6AF8D /* LaunchScreen.storyboard */; };
		FEA468A02837411700D6AF8D /* DestiniTests.swift in Sources */ = {isa = PBXBuildFile; fileRef = FEA4689F2837411700D6AF8D /* DestiniTests.swift */; };
		FEA468AA2837411700D6AF8D /* DestiniUITests.swift in Sources */ = {isa = PBXBuildFile; fileRef = FEA468A92837411700D6AF8D /* DestiniUITests.swift */; };
		FEA468AC2837411700D6AF8D /* DestiniUITestsLaunchTests.swift in Sources */ = {isa = PBXBuildFile; fileRef = FEA468AB2837411700D6AF8D /* DestiniUITestsLaunchTests.swift */; };
		FEC9F76528374B1B00608C4E /* Story.swift in Sources */ = {isa = PBXBuildFile; fileRef = FEC9F76428374B1B00608C4E /* Story.swift */; };
		FEC9F76728374B2D00608C4E /* StoryBrain.swift in Sources */ = {isa = PBXBuildFile; fileRef = FEC9F76628374B2D00608C4E /* StoryBrain.swift */; };
/* End PBXBuildFile section */

/* Begin PBXContainerItemProxy section */
		FEA4689C2837411700D6AF8D /* PBXContainerItemProxy */ = {
			isa = PBXContainerItemProxy;
			containerPortal = FEA4687D2837411100D6AF8D /* Project object */;
			proxyType = 1;
			remoteGlobalIDString = FEA468842837411100D6AF8D;
			remoteInfo = Destini;
		};
		FEA468A62837411700D6AF8D /* PBXContainerItemProxy */ = {
			isa = PBXContainerItemProxy;
			containerPortal = FEA4687D2837411100D6AF8D /* Project object */;
			proxyType = 1;
			remoteGlobalIDString = FEA468842837411100D6AF8D;
			remoteInfo = Destini;
		};
/* End PBXContainerItemProxy section */

/* Begin PBXFileReference section */
		FEA468852837411100D6AF8D /* Destini.app */ = {isa = PBXFileReference; explicitFileType = wrapper.application; includeInIndex = 0; path = Destini.app; sourceTree = BUILT_PRODUCTS_DIR; };
		FEA468882837411100D6AF8D /* AppDelegate.swift */ = {isa = PBXFileReference; lastKnownFileType = sourcecode.swift; path = AppDelegate.swift; sourceTree = "<group>"; };
		FEA4688A2837411100D6AF8D /* SceneDelegate.swift */ = {isa = PBXFileReference; lastKnownFileType = sourcecode.swift; path = SceneDelegate.swift; sourceTree = "<group>"; };
		FEA4688C2837411100D6AF8D /* ViewController.swift */ = {isa = PBXFileReference; lastKnownFileType = sourcecode.swift; path = ViewController.swift; sourceTree = "<group>"; };
		FEA4688F2837411100D6AF8D /* Base */ = {isa = PBXFileReference; lastKnownFileType = file.storyboard; name = Base; path = Base.lproj/Main.storyboard; sourceTree = "<group>"; };
		FEA468912837411700D6AF8D /* Assets.xcassets */ = {isa = PBXFileReference; lastKnownFileType = folder.assetcatalog; path = Assets.xcassets; sourceTree = "<group>"; };
		FEA468942837411700D6AF8D /* Base */ = {isa = PBXFileReference; lastKnownFileType = file.storyboard; name = Base; path = Base.lproj/LaunchScreen.storyboard; sourceTree = "<group>"; };
		FEA468962837411700D6AF8D /* Info.plist */ = {isa = PBXFileReference; lastKnownFileType = text.plist.xml; path = Info.plist; sourceTree = "<group>"; };
		FEA4689B2837411700D6AF8D /* DestiniTests.xctest */ = {isa = PBXFileReference; explicitFileType = wrapper.cfbundle; includeInIndex = 0; path = DestiniTests.xctest; sourceTree = BUILT_PRODUCTS_DIR; };
		FEA4689F2837411700D6AF8D /* DestiniTests.swift */ = {isa = PBXFileReference; lastKnownFileType = sourcecode.swift; path = DestiniTests.swift; sourceTree = "<group>"; };
		FEA468A52837411700D6AF8D /* DestiniUITests.xctest */ = {isa = PBXFileReference; explicitFileType = wrapper.cfbundle; includeInIndex = 0; path = DestiniUITests.xctest; sourceTree = BUILT_PRODUCTS_DIR; };
		FEA468A92837411700D6AF8D /* DestiniUITests.swift */ = {isa = PBXFileReference; lastKnownFileType = sourcecode.swift; path = DestiniUITests.swift; sourceTree = "<group>"; };
		FEA468AB2837411700D6AF8D /* DestiniUITestsLaunchTests.swift */ = {isa = PBXFileReference; lastKnownFileType = sourcecode.swift; path = DestiniUITestsLaunchTests.swift; sourceTree = "<group>"; };
		FEC9F76428374B1B00608C4E /* Story.swift */ = {isa = PBXFileReference; lastKnownFileType = sourcecode.swift; path = Story.swift; sourceTree = "<group>"; };
		FEC9F76628374B2D00608C4E /* StoryBrain.swift */ = {isa = PBXFileReference; lastKnownFileType = sourcecode.swift; path = StoryBrain.swift; sourceTree = "<group>"; };
/* End PBXFileReference section */

/* Begin PBXFrameworksBuildPhase section */
		FEA468822837411100D6AF8D /* Frameworks */ = {
			isa = PBXFrameworksBuildPhase;
			buildActionMask = 2147483647;
			files = (
			);
			runOnlyForDeploymentPostprocessing = 0;
		};
		FEA468982837411700D6AF8D /* Frameworks */ = {
			isa = PBXFrameworksBuildPhase;
			buildActionMask = 2147483647;
			files = (
			);
			runOnlyForDeploymentPostprocessing = 0;
		};
		FEA468A22837411700D6AF8D /* Frameworks */ = {
			isa = PBXFrameworksBuildPhase;
			buildActionMask = 2147483647;
			files = (
			);
			runOnlyForDeploymentPostprocessing = 0;
		};
/* End PBXFrameworksBuildPhase section */

/* Begin PBXGroup section */
		FEA4687C2837411100D6AF8D = {
			isa = PBXGroup;
			children = (
				FEA468872837411100D6AF8D /* Destini */,
				FEA4689E2837411700D6AF8D /* DestiniTests */,
				FEA468A82837411700D6AF8D /* DestiniUITests */,
				FEA468862837411100D6AF8D /* Products */,
			);
			sourceTree = "<group>";
		};
		FEA468862837411100D6AF8D /* Products */ = {
			isa = PBXGroup;
			children = (
				FEA468852837411100D6AF8D /* Destini.app */,
				FEA4689B2837411700D6AF8D /* DestiniTests.xctest */,
				FEA468A52837411700D6AF8D /* DestiniUITests.xctest */,
			);
			name = Products;
			sourceTree = "<group>";
		};
		FEA468872837411100D6AF8D /* Destini */ = {
			isa = PBXGroup;
			children = (
				FEA468882837411100D6AF8D /* AppDelegate.swift */,
				FEA4688A2837411100D6AF8D /* SceneDelegate.swift */,
				FEA468BA2837415000D6AF8D /* Model */,
				FEA468B82837413400D6AF8D /* View */,
				FEA468B92837414400D6AF8D /* Controller */,
				FEA468912837411700D6AF8D /* Assets.xcassets */,
				FEA468932837411700D6AF8D /* LaunchScreen.storyboard */,
				FEA468962837411700D6AF8D /* Info.plist */,
			);
			path = Destini;
			sourceTree = "<group>";
		};
		FEA4689E2837411700D6AF8D /* DestiniTests */ = {
			isa = PBXGroup;
			children = (
				FEA4689F2837411700D6AF8D /* DestiniTests.swift */,
			);
			path = DestiniTests;
			sourceTree = "<group>";
		};
		FEA468A82837411700D6AF8D /* DestiniUITests */ = {
			isa = PBXGroup;
			children = (
				FEA468A92837411700D6AF8D /* DestiniUITests.swift */,
				FEA468AB2837411700D6AF8D /* DestiniUITestsLaunchTests.swift */,
			);
			path = DestiniUITests;
			sourceTree = "<group>";
		};
		FEA468B82837413400D6AF8D /* View */ = {
			isa = PBXGroup;
			children = (
				FEA4688E2837411100D6AF8D /* Main.storyboard */,
			);
			path = View;
			sourceTree = "<group>";
		};
		FEA468B92837414400D6AF8D /* Controller */ = {
			isa = PBXGroup;
			children = (
				FEA4688C2837411100D6AF8D /* ViewController.swift */,
			);
			path = Controller;
			sourceTree = "<group>";
		};
		FEA468BA2837415000D6AF8D /* Model */ = {
			isa = PBXGroup;
			children = (
				FEC9F76428374B1B00608C4E /* Story.swift */,
				FEC9F76628374B2D00608C4E /* StoryBrain.swift */,
			);
			path = Model;
			sourceTree = "<group>";
		};
/* End PBXGroup section */

/* Begin PBXNativeTarget section */
		FEA468842837411100D6AF8D /* Destini */ = {
			isa = PBXNativeTarget;
			buildConfigurationList = FEA468AF2837411700D6AF8D /* Build configuration list for PBXNativeTarget "Destini" */;
			buildPhases = (
				FEA468812837411100D6AF8D /* Sources */,
				FEA468822837411100D6AF8D /* Frameworks */,
				FEA468832837411100D6AF8D /* Resources */,
			);
			buildRules = (
			);
			dependencies = (
			);
			name = Destini;
			productName = Destini;
			productReference = FEA468852837411100D6AF8D /* Destini.app */;
			productType = "com.apple.product-type.application";
		};
		FEA4689A2837411700D6AF8D /* DestiniTests */ = {
			isa = PBXNativeTarget;
			buildConfigurationList = FEA468B22837411700D6AF8D /* Build configuration list for PBXNativeTarget "DestiniTests" */;
			buildPhases = (
				FEA468972837411700D6AF8D /* Sources */,
				FEA468982837411700D6AF8D /* Frameworks */,
				FEA468992837411700D6AF8D /* Resources */,
			);
			buildRules = (
			);
			dependencies = (
				FEA4689D2837411700D6AF8D /* PBXTargetDependency */,
			);
			name = DestiniTests;
			productName = DestiniTests;
			productReference = FEA4689B2837411700D6AF8D /* DestiniTests.xctest */;
			productType = "com.apple.product-type.bundle.unit-test";
		};
		FEA468A42837411700D6AF8D /* DestiniUITests */ = {
			isa = PBXNativeTarget;
			buildConfigurationList = FEA468B52837411700D6AF8D /* Build configuration list for PBXNativeTarget "DestiniUITests" */;
			buildPhases = (
				FEA468A12837411700D6AF8D /* Sources */,
				FEA468A22837411700D6AF8D /* Frameworks */,
				FEA468A32837411700D6AF8D /* Resources */,
			);
			buildRules = (
			);
			dependencies = (
				FEA468A72837411700D6AF8D /* PBXTargetDependency */,
			);
			name = DestiniUITests;
			productName = DestiniUITests;
			productReference = FEA468A52837411700D6AF8D /* DestiniUITests.xctest */;
			productType = "com.apple.product-type.bundle.ui-testing";
		};
/* End PBXNativeTarget section */

/* Begin PBXProject section */
		FEA4687D2837411100D6AF8D /* Project object */ = {
			isa = PBXProject;
			attributes = {
				BuildIndependentTargetsInParallel = 1;
				LastSwiftUpdateCheck = 1340;
				LastUpgradeCheck = 1340;
				TargetAttributes = {
					FEA468842837411100D6AF8D = {
						CreatedOnToolsVersion = 13.4;
					};
					FEA4689A2837411700D6AF8D = {
						CreatedOnToolsVersion = 13.4;
						TestTargetID = FEA468842837411100D6AF8D;
					};
					FEA468A42837411700D6AF8D = {
						CreatedOnToolsVersion = 13.4;
						TestTargetID = FEA468842837411100D6AF8D;
					};
				};
			};
			buildConfigurationList = FEA468802837411100D6AF8D /* Build configuration list for PBXProject "Destini" */;
			compatibilityVersion = "Xcode 13.0";
			developmentRegion = en;
			hasScannedForEncodings = 0;
			knownRegions = (
				en,
				Base,
			);
			mainGroup = FEA4687C2837411100D6AF8D;
			productRefGroup = FEA468862837411100D6AF8D /* Products */;
			projectDirPath = "";
			projectRoot = "";
			targets = (
				FEA468842837411100D6AF8D /* Destini */,
				FEA4689A2837411700D6AF8D /* DestiniTests */,
				FEA468A42837411700D6AF8D /* DestiniUITests */,
			);
		};
/* End PBXProject section */

/* Begin PBXResourcesBuildPhase section */
		FEA468832837411100D6AF8D /* Resources */ = {
			isa = PBXResourcesBuildPhase;
			buildActionMask = 2147483647;
			files = (
				FEA468952837411700D6AF8D /* LaunchScreen.storyboard in Resources */,
				FEA468922837411700D6AF8D /* Assets.xcassets in Resources */,
				FEA468902837411100D6AF8D /* Main.storyboard in Resources */,
			);
			runOnlyForDeploymentPostprocessing = 0;
		};
		FEA468992837411700D6AF8D /* Resources */ = {
			isa = PBXResourcesBuildPhase;
			buildActionMask = 2147483647;
			files = (
			);
			runOnlyForDeploymentPostprocessing = 0;
		};
		FEA468A32837411700D6AF8D /* Resources */ = {
			isa = PBXResourcesBuildPhase;
			buildActionMask = 2147483647;
			files = (
			);
			runOnlyForDeploymentPostprocessing = 0;
		};
/* End PBXResourcesBuildPhase section */

/* Begin PBXSourcesBuildPhase section */
		FEA468812837411100D6AF8D /* Sources */ = {
			isa = PBXSourcesBuildPhase;
			buildActionMask = 2147483647;
			files = (
				FEC9F76728374B2D00608C4E /* StoryBrain.swift in Sources */,
				FEA4688D2837411100D6AF8D /* ViewController.swift in Sources */,
				FEA468892837411100D6AF8D /* AppDelegate.swift in Sources */,
				FEA4688B2837411100D6AF8D /* SceneDelegate.swift in Sources */,
				FEC9F76528374B1B00608C4E /* Story.swift in Sources */,
			);
			runOnlyForDeploymentPostprocessing = 0;
		};
		FEA468972837411700D6AF8D /* Sources */ = {
			isa = PBXSourcesBuildPhase;
			buildActionMask = 2147483647;
			files = (
				FEA468A02837411700D6AF8D /* DestiniTests.swift in Sources */,
			);
			runOnlyForDeploymentPostprocessing = 0;
		};
		FEA468A12837411700D6AF8D /* Sources */ = {
			isa = PBXSourcesBuildPhase;
			buildActionMask = 2147483647;
			files = (
				FEA468AA2837411700D6AF8D /* DestiniUITests.swift in Sources */,
				FEA468AC2837411700D6AF8D /* DestiniUITestsLaunchTests.swift in Sources */,
			);
			runOnlyForDeploymentPostprocessing = 0;
		};
/* End PBXSourcesBuildPhase section */

/* Begin PBXTargetDependency section */
		FEA4689D2837411700D6AF8D /* PBXTargetDependency */ = {
			isa = PBXTargetDependency;
			target = FEA468842837411100D6AF8D /* Destini */;
			targetProxy = FEA4689C2837411700D6AF8D /* PBXContainerItemProxy */;
		};
		FEA468A72837411700D6AF8D /* PBXTargetDependency */ = {
			isa = PBXTargetDependency;
			target = FEA468842837411100D6AF8D /* Destini */;
			targetProxy = FEA468A62837411700D6AF8D /* PBXContainerItemProxy */;
		};
/* End PBXTargetDependency section */

/* Begin PBXVariantGroup section */
		FEA4688E2837411100D6AF8D /* Main.storyboard */ = {
			isa = PBXVariantGroup;
			children = (
				FEA4688F2837411100D6AF8D /* Base */,
			);
			name = Main.storyboard;
			sourceTree = "<group>";
		};
		FEA468932837411700D6AF8D /* LaunchScreen.storyboard */ = {
			isa = PBXVariantGroup;
			children = (
				FEA468942837411700D6AF8D /* Base */,
			);
			name = LaunchScreen.storyboard;
			sourceTree = "<group>";
		};
/* End PBXVariantGroup section */

/* Begin XCBuildConfiguration section */
		FEA468AD2837411700D6AF8D /* Debug */ = {
			isa = XCBuildConfiguration;
			buildSettings = {
				ALWAYS_SEARCH_USER_PATHS = NO;
				CLANG_ANALYZER_NONNULL = YES;
				CLANG_ANALYZER_NUMBER_OBJECT_CONVERSION = YES_AGGRESSIVE;
				CLANG_CXX_LANGUAGE_STANDARD = "gnu++17";
				CLANG_ENABLE_MODULES = YES;
				CLANG_ENABLE_OBJC_ARC = YES;
				CLANG_ENABLE_OBJC_WEAK = YES;
				CLANG_WARN_BLOCK_CAPTURE_AUTORELEASING = YES;
				CLANG_WARN_BOOL_CONVERSION = YES;
				CLANG_WARN_COMMA = YES;
				CLANG_WARN_CONSTANT_CONVERSION = YES;
				CLANG_WARN_DEPRECATED_OBJC_IMPLEMENTATIONS = YES;
				CLANG_WARN_DIRECT_OBJC_ISA_USAGE = YES_ERROR;
				CLANG_WARN_DOCUMENTATION_COMMENTS = YES;
				CLANG_WARN_EMPTY_BODY = YES;
				CLANG_WARN_ENUM_CONVERSION = YES;
				CLANG_WARN_INFINITE_RECURSION = YES;
				CLANG_WARN_INT_CONVERSION = YES;
				CLANG_WARN_NON_LITERAL_NULL_CONVERSION = YES;
				CLANG_WARN_OBJC_IMPLICIT_RETAIN_SELF = YES;
				CLANG_WARN_OBJC_LITERAL_CONVERSION = YES;
				CLANG_WARN_OBJC_ROOT_CLASS = YES_ERROR;
				CLANG_WARN_QUOTED_INCLUDE_IN_FRAMEWORK_HEADER = YES;
				CLANG_WARN_RANGE_LOOP_ANALYSIS = YES;
				CLANG_WARN_STRICT_PROTOTYPES = YES;
				CLANG_WARN_SUSPICIOUS_MOVE = YES;
				CLANG_WARN_UNGUARDED_AVAILABILITY = YES_AGGRESSIVE;
				CLANG_WARN_UNREACHABLE_CODE = YES;
				CLANG_WARN__DUPLICATE_METHOD_MATCH = YES;
				COPY_PHASE_STRIP = NO;
				DEBUG_INFORMATION_FORMAT = dwarf;
				ENABLE_STRICT_OBJC_MSGSEND = YES;
				ENABLE_TESTABILITY = YES;
				GCC_C_LANGUAGE_STANDARD = gnu11;
				GCC_DYNAMIC_NO_PIC = NO;
				GCC_NO_COMMON_BLOCKS = YES;
				GCC_OPTIMIZATION_LEVEL = 0;
				GCC_PREPROCESSOR_DEFINITIONS = (
					"DEBUG=1",
					"$(inherited)",
				);
				GCC_WARN_64_TO_32_BIT_CONVERSION = YES;
				GCC_WARN_ABOUT_RETURN_TYPE = YES_ERROR;
				GCC_WARN_UNDECLARED_SELECTOR = YES;
				GCC_WARN_UNINITIALIZED_AUTOS = YES_AGGRESSIVE;
				GCC_WARN_UNUSED_FUNCTION = YES;
				GCC_WARN_UNUSED_VARIABLE = YES;
				IPHONEOS_DEPLOYMENT_TARGET = 15.5;
				MTL_ENABLE_DEBUG_INFO = INCLUDE_SOURCE;
				MTL_FAST_MATH = YES;
				ONLY_ACTIVE_ARCH = YES;
				SDKROOT = iphoneos;
				SWIFT_ACTIVE_COMPILATION_CONDITIONS = DEBUG;
				SWIFT_OPTIMIZATION_LEVEL = "-Onone";
			};
			name = Debug;
		};
		FEA468AE2837411700D6AF8D /* Release */ = {
			isa = XCBuildConfiguration;
			buildSettings = {
				ALWAYS_SEARCH_USER_PATHS = NO;
				CLANG_ANALYZER_NONNULL = YES;
				CLANG_ANALYZER_NUMBER_OBJECT_CONVERSION = YES_AGGRESSIVE;
				CLANG_CXX_LANGUAGE_STANDARD = "gnu++17";
				CLANG_ENABLE_MODULES = YES;
				CLANG_ENABLE_OBJC_ARC = YES;
				CLANG_ENABLE_OBJC_WEAK = YES;
				CLANG_WARN_BLOCK_CAPTURE_AUTORELEASING = YES;
				CLANG_WARN_BOOL_CONVERSION = YES;
				CLANG_WARN_COMMA = YES;
				CLANG_WARN_CONSTANT_CONVERSION = YES;
				CLANG_WARN_DEPRECATED_OBJC_IMPLEMENTATIONS = YES;
				CLANG_WARN_DIRECT_OBJC_ISA_USAGE = YES_ERROR;
				CLANG_WARN_DOCUMENTATION_COMMENTS = YES;
				CLANG_WARN_EMPTY_BODY = YES;
				CLANG_WARN_ENUM_CONVERSION = YES;
				CLANG_WARN_INFINITE_RECURSION = YES;
				CLANG_WARN_INT_CONVERSION = YES;
				CLANG_WARN_NON_LITERAL_NULL_CONVERSION = YES;
				CLANG_WARN_OBJC_IMPLICIT_RETAIN_SELF = YES;
				CLANG_WARN_OBJC_LITERAL_CONVERSION = YES;
				CLANG_WARN_OBJC_ROOT_CLASS = YES_ERROR;
				CLANG_WARN_QUOTED_INCLUDE_IN_FRAMEWORK_HEADER = YES;
				CLANG_WARN_RANGE_LOOP_ANALYSIS = YES;
				CLANG_WARN_STRICT_PROTOTYPES = YES;
				CLANG_WARN_SUSPICIOUS_MOVE = YES;
				CLANG_WARN_UNGUARDED_AVAILABILITY = YES_AGGRESSIVE;
				CLANG_WARN_UNREACHABLE_CODE = YES;
				CLANG_WARN__DUPLICATE_METHOD_MATCH = YES;
				COPY_PHASE_STRIP = NO;
				DEBUG_INFORMATION_FORMAT = "dwarf-with-dsym";
				ENABLE_NS_ASSERTIONS = NO;
				ENABLE_STRICT_OBJC_MSGSEND = YES;
				GCC_C_LANGUAGE_STANDARD = gnu11;
				GCC_NO_COMMON_BLOCKS = YES;
				GCC_WARN_64_TO_32_BIT_CONVERSION = YES;
				GCC_WARN_ABOUT_RETURN_TYPE = YES_ERROR;
				GCC_WARN_UNDECLARED_SELECTOR = YES;
				GCC_WARN_UNINITIALIZED_AUTOS = YES_AGGRESSIVE;
				GCC_WARN_UNUSED_FUNCTION = YES;
				GCC_WARN_UNUSED_VARIABLE = YES;
				IPHONEOS_DEPLOYMENT_TARGET = 15.5;
				MTL_ENABLE_DEBUG_INFO = NO;
				MTL_FAST_MATH = YES;
				SDKROOT = iphoneos;
				SWIFT_COMPILATION_MODE = wholemodule;
				SWIFT_OPTIMIZATION_LEVEL = "-O";
				VALIDATE_PRODUCT = YES;
			};
			name = Release;
		};
		FEA468B02837411700D6AF8D /* Debug */ = {
			isa = XCBuildConfiguration;
			buildSettings = {
				ASSETCATALOG_COMPILER_APPICON_NAME = AppIcon;
				ASSETCATALOG_COMPILER_GLOBAL_ACCENT_COLOR_NAME = AccentColor;
				CODE_SIGN_STYLE = Automatic;
				CURRENT_PROJECT_VERSION = 1;
				DEVELOPMENT_TEAM = 3A2U2X4K87;
				GENERATE_INFOPLIST_FILE = YES;
				INFOPLIST_FILE = Destini/Info.plist;
				INFOPLIST_KEY_UIApplicationSupportsIndirectInputEvents = YES;
				INFOPLIST_KEY_UILaunchStoryboardName = LaunchScreen;
				INFOPLIST_KEY_UIMainStoryboardFile = Main;
				INFOPLIST_KEY_UISupportedInterfaceOrientations_iPad = "UIInterfaceOrientationPortrait UIInterfaceOrientationPortraitUpsideDown UIInterfaceOrientationLandscapeLeft UIInterfaceOrientationLandscapeRight";
				INFOPLIST_KEY_UISupportedInterfaceOrientations_iPhone = "UIInterfaceOrientationPortrait UIInterfaceOrientationLandscapeLeft UIInterfaceOrientationLandscapeRight";
				LD_RUNPATH_SEARCH_PATHS = (
					"$(inherited)",
					"@executable_path/Frameworks",
				);
				MARKETING_VERSION = 1.0;
				PRODUCT_BUNDLE_IDENTIFIER = com.yedige.Destini;
				PRODUCT_NAME = "$(TARGET_NAME)";
				SWIFT_EMIT_LOC_STRINGS = YES;
				SWIFT_VERSION = 5.0;
				TARGETED_DEVICE_FAMILY = "1,2";
			};
			name = Debug;
		};
		FEA468B12837411700D6AF8D /* Release */ = {
			isa = XCBuildConfiguration;
			buildSettings = {
				ASSETCATALOG_COMPILER_APPICON_NAME = AppIcon;
				ASSETCATALOG_COMPILER_GLOBAL_ACCENT_COLOR_NAME = AccentColor;
				CODE_SIGN_STYLE = Automatic;
				CURRENT_PROJECT_VERSION = 1;
				DEVELOPMENT_TEAM = 3A2U2X4K87;
				GENERATE_INFOPLIST_FILE = YES;
				INFOPLIST_FILE = Destini/Info.plist;
				INFOPLIST_KEY_UIApplicationSupportsIndirectInputEvents = YES;
				INFOPLIST_KEY_UILaunchStoryboardName = LaunchScreen;
				INFOPLIST_KEY_UIMainStoryboardFile = Main;
				INFOPLIST_KEY_UISupportedInterfaceOrientations_iPad = "UIInterfaceOrientationPortrait UIInterfaceOrientationPortraitUpsideDown UIInterfaceOrientationLandscapeLeft UIInterfaceOrientationLandscapeRight";
				INFOPLIST_KEY_UISupportedInterfaceOrientations_iPhone = "UIInterfaceOrientationPortrait UIInterfaceOrientationLandscapeLeft UIInterfaceOrientationLandscapeRight";
				LD_RUNPATH_SEARCH_PATHS = (
					"$(inherited)",
					"@executable_path/Frameworks",
				);
				MARKETING_VERSION = 1.0;
				PRODUCT_BUNDLE_IDENTIFIER = com.yedige.Destini;
				PRODUCT_NAME = "$(TARGET_NAME)";
				SWIFT_EMIT_LOC_STRINGS = YES;
				SWIFT_VERSION = 5.0;
				TARGETED_DEVICE_FAMILY = "1,2";
			};
			name = Release;
		};
		FEA468B32837411700D6AF8D /* Debug */ = {
			isa = XCBuildConfiguration;
			buildSettings = {
				ALWAYS_EMBED_SWIFT_STANDARD_LIBRARIES = YES;
				BUNDLE_LOADER = "$(TEST_HOST)";
				CODE_SIGN_STYLE = Automatic;
				CURRENT_PROJECT_VERSION = 1;
				DEVELOPMENT_TEAM = 3A2U2X4K87;
				GENERATE_INFOPLIST_FILE = YES;
				IPHONEOS_DEPLOYMENT_TARGET = 15.5;
				MARKETING_VERSION = 1.0;
				PRODUCT_BUNDLE_IDENTIFIER = com.yedige.DestiniTests;
				PRODUCT_NAME = "$(TARGET_NAME)";
				SWIFT_EMIT_LOC_STRINGS = NO;
				SWIFT_VERSION = 5.0;
				TARGETED_DEVICE_FAMILY = "1,2";
				TEST_HOST = "$(BUILT_PRODUCTS_DIR)/Destini.app/Destini";
			};
			name = Debug;
		};
		FEA468B42837411700D6AF8D /* Release */ = {
			isa = XCBuildConfiguration;
			buildSettings = {
				ALWAYS_EMBED_SWIFT_STANDARD_LIBRARIES = YES;
				BUNDLE_LOADER = "$(TEST_HOST)";
				CODE_SIGN_STYLE = Automatic;
				CURRENT_PROJECT_VERSION = 1;
				DEVELOPMENT_TEAM = 3A2U2X4K87;
				GENERATE_INFOPLIST_FILE = YES;
				IPHONEOS_DEPLOYMENT_TARGET = 15.5;
				MARKETING_VERSION = 1.0;
				PRODUCT_BUNDLE_IDENTIFIER = com.yedige.DestiniTests;
				PRODUCT_NAME = "$(TARGET_NAME)";
				SWIFT_EMIT_LOC_STRINGS = NO;
				SWIFT_VERSION = 5.0;
				TARGETED_DEVICE_FAMILY = "1,2";
				TEST_HOST = "$(BUILT_PRODUCTS_DIR)/Destini.app/Destini";
			};
			name = Release;
		};
		FEA468B62837411700D6AF8D /* Debug */ = {
			isa = XCBuildConfiguration;
			buildSettings = {
				ALWAYS_EMBED_SWIFT_STANDARD_LIBRARIES = YES;
				CODE_SIGN_STYLE = Automatic;
				CURRENT_PROJECT_VERSION = 1;
				DEVELOPMENT_TEAM = 3A2U2X4K87;
				GENERATE_INFOPLIST_FILE = YES;
				MARKETING_VERSION = 1.0;
				PRODUCT_BUNDLE_IDENTIFIER = com.yedige.DestiniUITests;
				PRODUCT_NAME = "$(TARGET_NAME)";
				SWIFT_EMIT_LOC_STRINGS = NO;
				SWIFT_VERSION = 5.0;
				TARGETED_DEVICE_FAMILY = "1,2";
				TEST_TARGET_NAME = Destini;
			};
			name = Debug;
		};
		FEA468B72837411700D6AF8D /* Release */ = {
			isa = XCBuildConfiguration;
			buildSettings = {
				ALWAYS_EMBED_SWIFT_STANDARD_LIBRARIES = YES;
				CODE_SIGN_STYLE = Automatic;
				CURRENT_PROJECT_VERSION = 1;
				DEVELOPMENT_TEAM = 3A2U2X4K87;
				GENERATE_INFOPLIST_FILE = YES;
				MARKETING_VERSION = 1.0;
				PRODUCT_BUNDLE_IDENTIFIER = com.yedige.DestiniUITests;
				PRODUCT_NAME = "$(TARGET_NAME)";
				SWIFT_EMIT_LOC_STRINGS = NO;
				SWIFT_VERSION = 5.0;
				TARGETED_DEVICE_FAMILY = "1,2";
				TEST_TARGET_NAME = Destini;
			};
			name = Release;
		};
/* End XCBuildConfiguration section */

/* Begin XCConfigurationList section */
		FEA468802837411100D6AF8D /* Build configuration list for PBXProject "Destini" */ = {
			isa = XCConfigurationList;
			buildConfigurations = (
				FEA468AD2837411700D6AF8D /* Debug */,
				FEA468AE2837411700D6AF8D /* Release */,
			);
			defaultConfigurationIsVisible = 0;
			defaultConfigurationName = Release;
		};
		FEA468AF2837411700D6AF8D /* Build configuration list for PBXNativeTarget "Destini" */ = {
			isa = XCConfigurationList;
			buildConfigurations = (
				FEA468B02837411700D6AF8D /* Debug */,
				FEA468B12837411700D6AF8D /* Release */,
			);
			defaultConfigurationIsVisible = 0;
			defaultConfigurationName = Release;
		};
		FEA468B22837411700D6AF8D /* Build configuration list for PBXNativeTarget "DestiniTests" */ = {
			isa = XCConfigurationList;
			buildConfigurations = (
				FEA468B32837411700D6AF8D /* Debug */,
				FEA468B42837411700D6AF8D /* Release */,
			);
			defaultConfigurationIsVisible = 0;
			defaultConfigurationName = Release;
		};
		FEA468B52837411700D6AF8D /* Build configuration list for PBXNativeTarget "DestiniUITests" */ = {
			isa = XCConfigurationList;
			buildConfigurations = (
				FEA468B62837411700D6AF8D /* Debug */,
				FEA468B72837411700D6AF8D /* Release */,
			);
			defaultConfigurationIsVisible = 0;
			defaultConfigurationName = Release;
		};
/* End XCConfigurationList section */
	};
	rootObject = FEA4687D2837411100D6AF8D /* Project object */;
}
